// !$*UTF8*$!
{
	archiveVersion = 1;
	classes = {
	};
	objectVersion = 50;
	objects = {

/* Begin PBXBuildFile section */
		278CE80622ABDBAB00BBE6E8 /* AppDelegate.swift in Sources */ = {isa = PBXBuildFile; fileRef = 278CE80522ABDBAB00BBE6E8 /* AppDelegate.swift */; };
		278CE80822ABDBAB00BBE6E8 /* ViewController.swift in Sources */ = {isa = PBXBuildFile; fileRef = 278CE80722ABDBAB00BBE6E8 /* ViewController.swift */; };
		278CE80B22ABDBAB00BBE6E8 /* Main.storyboard in Resources */ = {isa = PBXBuildFile; fileRef = 278CE80922ABDBAB00BBE6E8 /* Main.storyboard */; };
		278CE80D22ABDBAB00BBE6E8 /* Assets.xcassets in Resources */ = {isa = PBXBuildFile; fileRef = 278CE80C22ABDBAB00BBE6E8 /* Assets.xcassets */; };
		278CE81022ABDBAB00BBE6E8 /* LaunchScreen.storyboard in Resources */ = {isa = PBXBuildFile; fileRef = 278CE80E22ABDBAB00BBE6E8 /* LaunchScreen.storyboard */; };
/* End PBXBuildFile section */

/* Begin PBXFileReference section */
		278CE80222ABDBAA00BBE6E8 /* AutoLayout_PriorityConstraints.app */ = {isa = PBXFileReference; explicitFileType = wrapper.application; includeInIndex = 0; path = AutoLayout_PriorityConstraints.app; sourceTree = BUILT_PRODUCTS_DIR; };
		278CE80522ABDBAB00BBE6E8 /* AppDelegate.swift */ = {isa = PBXFileReference; lastKnownFileType = sourcecode.swift; path = AppDelegate.swift; sourceTree = "<group>"; };
		278CE80722ABDBAB00BBE6E8 /* ViewController.swift */ = {isa = PBXFileReference; lastKnownFileType = sourcecode.swift; path = ViewController.swift; sourceTree = "<group>"; };
		278CE80A22ABDBAB00BBE6E8 /* Base */ = {isa = PBXFileReference; lastKnownFileType = file.storyboard; name = Base; path = Base.lproj/Main.storyboard; sourceTree = "<group>"; };
		278CE80C22ABDBAB00BBE6E8 /* Assets.xcassets */ = {isa = PBXFileReference; lastKnownFileType = folder.assetcatalog; path = Assets.xcassets; sourceTree = "<group>"; };
		278CE80F22ABDBAB00BBE6E8 /* Base */ = {isa = PBXFileReference; lastKnownFileType = file.storyboard; name = Base; path = Base.lproj/LaunchScreen.storyboard; sourceTree = "<group>"; };
		278CE81122ABDBAB00BBE6E8 /* Info.plist */ = {isa = PBXFileReference; lastKnownFileType = text.plist.xml; path = Info.plist; sourceTree = "<group>"; };
/* End PBXFileReference section */

/* Begin PBXFrameworksBuildPhase section */
		278CE7FF22ABDBAA00BBE6E8 /* Frameworks */ = {
			isa = PBXFrameworksBuildPhase;
			buildActionMask = 2147483647;
			files = (
			);
			runOnlyForDeploymentPostprocessing = 0;
		};
/* End PBXFrameworksBuildPhase section */

/* Begin PBXGroup section */
		278CE7F922ABDBAA00BBE6E8 = {
			isa = PBXGroup;
			children = (
				278CE80422ABDBAA00BBE6E8 /* AutoLayout_PriorityConstraints */,
				278CE80322ABDBAA00BBE6E8 /* Products */,
			);
			sourceTree = "<group>";
		};
		278CE80322ABDBAA00BBE6E8 /* Products */ = {
			isa = PBXGroup;
			children = (
				278CE80222ABDBAA00BBE6E8 /* AutoLayout_PriorityConstraints.app */,
			);
			name = Products;
			sourceTree = "<group>";
		};
		278CE80422ABDBAA00BBE6E8 /* AutoLayout_PriorityConstraints */ = {
			isa = PBXGroup;
			children = (
				278CE80522ABDBAB00BBE6E8 /* AppDelegate.swift */,
				278CE80722ABDBAB00BBE6E8 /* ViewController.swift */,
				278CE80922ABDBAB00BBE6E8 /* Main.storyboard */,
				278CE80C22ABDBAB00BBE6E8 /* Assets.xcassets */,
				278CE80E22ABDBAB00BBE6E8 /* LaunchScreen.storyboard */,
				278CE81122ABDBAB00BBE6E8 /* Info.plist */,
			);
			path = AutoLayout_PriorityConstraints;
			sourceTree = "<group>";
		};
/* End PBXGroup section */

/* Begin PBXNativeTarget section */
		278CE80122ABDBAA00BBE6E8 /* AutoLayout_PriorityConstraints */ = {
			isa = PBXNativeTarget;
			buildConfigurationList = 278CE81422ABDBAB00BBE6E8 /* Build configuration list for PBXNativeTarget "AutoLayout_PriorityConstraints" */;
			buildPhases = (
				278CE7FE22ABDBAA00BBE6E8 /* Sources */,
				278CE7FF22ABDBAA00BBE6E8 /* Frameworks */,
				278CE80022ABDBAA00BBE6E8 /* Resources */,
			);
			buildRules = (
			);
			dependencies = (
			);
			name = AutoLayout_PriorityConstraints;
			productName = AutoLayout_PriorityConstraints;
			productReference = 278CE80222ABDBAA00BBE6E8 /* AutoLayout_PriorityConstraints.app */;
			productType = "com.apple.product-type.application";
		};
/* End PBXNativeTarget section */

/* Begin PBXProject section */
		278CE7FA22ABDBAA00BBE6E8 /* Project object */ = {
			isa = PBXProject;
			attributes = {
				LastSwiftUpdateCheck = 1020;
				LastUpgradeCheck = 1020;
				ORGANIZATIONNAME = thechamcham;
				TargetAttributes = {
					278CE80122ABDBAA00BBE6E8 = {
						CreatedOnToolsVersion = 10.2.1;
					};
				};
			};
			buildConfigurationList = 278CE7FD22ABDBAA00BBE6E8 /* Build configuration list for PBXProject "AutoLayout_PriorityConstraints" */;
			compatibilityVersion = "Xcode 9.3";
			developmentRegion = en;
			hasScannedForEncodings = 0;
			knownRegions = (
				en,
				Base,
			);
			mainGroup = 278CE7F922ABDBAA00BBE6E8;
			productRefGroup = 278CE80322ABDBAA00BBE6E8 /* Products */;
			projectDirPath = "";
			projectRoot = "";
			targets = (
				278CE80122ABDBAA00BBE6E8 /* AutoLayout_PriorityConstraints */,
			);
		};
/* End PBXProject section */

/* Begin PBXResourcesBuildPhase section */
		278CE80022ABDBAA00BBE6E8 /* Resources */ = {
			isa = PBXResourcesBuildPhase;
			buildActionMask = 2147483647;
			files = (
				278CE81022ABDBAB00BBE6E8 /* LaunchScreen.storyboard in Resources */,
				278CE80D22ABDBAB00BBE6E8 /* Assets.xcassets in Resources */,
				278CE80B22ABDBAB00BBE6E8 /* Main.storyboard in Resources */,
			);
			runOnlyForDeploymentPostprocessing = 0;
		};
/* End PBXResourcesBuildPhase section */

/* Begin PBXSourcesBuildPhase section */
		278CE7FE22ABDBAA00BBE6E8 /* Sources */ = {
			isa = PBXSourcesBuildPhase;
			buildActionMask = 2147483647;
			files = (
				278CE80822ABDBAB00BBE6E8 /* ViewController.swift in Sources */,
				278CE80622ABDBAB00BBE6E8 /* AppDelegate.swift in Sources */,
			);
			runOnlyForDeploymentPostprocessing = 0;
		};
/* End PBXSourcesBuildPhase section */

/* Begin PBXVariantGroup section */
		278CE80922ABDBAB00BBE6E8 /* Main.storyboard */ = {
			isa = PBXVariantGroup;
			children = (
				278CE80A22ABDBAB00BBE6E8 /* Base */,
			);
			name = Main.storyboard;
			sourceTree = "<group>";
		};
		278CE80E22ABDBAB00BBE6E8 /* LaunchScreen.storyboard */ = {
			isa = PBXVariantGroup;
			children = (
				278CE80F22ABDBAB00BBE6E8 /* Base */,
			);
			name = LaunchScreen.storyboard;
			sourceTree = "<group>";
		};
/* End PBXVariantGroup section */

/* Begin XCBuildConfiguration section */
		278CE81222ABDBAB00BBE6E8 /* Debug */ = {
			isa = XCBuildConfiguration;
			buildSettings = {
				ALWAYS_SEARCH_USER_PATHS = NO;
				CLANG_ANALYZER_NONNULL = YES;
				CLANG_ANALYZER_NUMBER_OBJECT_CONVERSION = YES_AGGRESSIVE;
				CLANG_CXX_LANGUAGE_STANDARD = "gnu++14";
				CLANG_CXX_LIBRARY = "libc++";
				CLANG_ENABLE_MODULES = YES;
				CLANG_ENABLE_OBJC_ARC = YES;
				CLANG_ENABLE_OBJC_WEAK = YES;
				CLANG_WARN_BLOCK_CAPTURE_AUTORELEASING = YES;
				CLANG_WARN_BOOL_CONVERSION = YES;
				CLANG_WARN_COMMA = YES;
				CLANG_WARN_CONSTANT_CONVERSION = YES;
				CLANG_WARN_DEPRECATED_OBJC_IMPLEMENTATIONS = YES;
				CLANG_WARN_DIRECT_OBJC_ISA_USAGE = YES_ERROR;
				CLANG_WARN_DOCUMENTATION_COMMENTS = YES;
				CLANG_WARN_EMPTY_BODY = YES;
				CLANG_WARN_ENUM_CONVERSION = YES;
				CLANG_WARN_INFINITE_RECURSION = YES;
				CLANG_WARN_INT_CONVERSION = YES;
				CLANG_WARN_NON_LITERAL_NULL_CONVERSION = YES;
				CLANG_WARN_OBJC_IMPLICIT_RETAIN_SELF = YES;
				CLANG_WARN_OBJC_LITERAL_CONVERSION = YES;
				CLANG_WARN_OBJC_ROOT_CLASS = YES_ERROR;
				CLANG_WARN_RANGE_LOOP_ANALYSIS = YES;
				CLANG_WARN_STRICT_PROTOTYPES = YES;
				CLANG_WARN_SUSPICIOUS_MOVE = YES;
				CLANG_WARN_UNGUARDED_AVAILABILITY = YES_AGGRESSIVE;
				CLANG_WARN_UNREACHABLE_CODE = YES;
				CLANG_WARN__DUPLICATE_METHOD_MATCH = YES;
				CODE_SIGN_IDENTITY = "iPhone Developer";
				COPY_PHASE_STRIP = NO;
				DEBUG_INFORMATION_FORMAT = dwarf;
				ENABLE_STRICT_OBJC_MSGSEND = YES;
				ENABLE_TESTABILITY = YES;
				GCC_C_LANGUAGE_STANDARD = gnu11;
				GCC_DYNAMIC_NO_PIC = NO;
				GCC_NO_COMMON_BLOCKS = YES;
				GCC_OPTIMIZATION_LEVEL = 0;
				GCC_PREPROCESSOR_DEFINITIONS = (
					"DEBUG=1",
					"$(inherited)",
				);
				GCC_WARN_64_TO_32_BIT_CONVERSION = YES;
				GCC_WARN_ABOUT_RETURN_TYPE = YES_ERROR;
				GCC_WARN_UNDECLARED_SELECTOR = YES;
				GCC_WARN_UNINITIALIZED_AUTOS = YES_AGGRESSIVE;
				GCC_WARN_UNUSED_FUNCTION = YES;
				GCC_WARN_UNUSED_VARIABLE = YES;
				IPHONEOS_DEPLOYMENT_TARGET = 12.2;
				MTL_ENABLE_DEBUG_INFO = INCLUDE_SOURCE;
				MTL_FAST_MATH = YES;
				ONLY_ACTIVE_ARCH = YES;
				SDKROOT = iphoneos;
				SWIFT_ACTIVE_COMPILATION_CONDITIONS = DEBUG;
				SWIFT_OPTIMIZATION_LEVEL = "-Onone";
			};
			name = Debug;
		};
		278CE81322ABDBAB00BBE6E8 /* Release */ = {
			isa = XCBuildConfiguration;
			buildSettings = {
				ALWAYS_SEARCH_USER_PATHS = NO;
				CLANG_ANALYZER_NONNULL = YES;
				CLANG_ANALYZER_NUMBER_OBJECT_CONVERSION = YES_AGGRESSIVE;
				CLANG_CXX_LANGUAGE_STANDARD = "gnu++14";
				CLANG_CXX_LIBRARY = "libc++";
				CLANG_ENABLE_MODULES = YES;
				CLANG_ENABLE_OBJC_ARC = YES;
				CLANG_ENABLE_OBJC_WEAK = YES;
				CLANG_WARN_BLOCK_CAPTURE_AUTORELEASING = YES;
				CLANG_WARN_BOOL_CONVERSION = YES;
				CLANG_WARN_COMMA = YES;
				CLANG_WARN_CONSTANT_CONVERSION = YES;
				CLANG_WARN_DEPRECATED_OBJC_IMPLEMENTATIONS = YES;
				CLANG_WARN_DIRECT_OBJC_ISA_USAGE = YES_ERROR;
				CLANG_WARN_DOCUMENTATION_COMMENTS = YES;
				CLANG_WARN_EMPTY_BODY = YES;
				CLANG_WARN_ENUM_CONVERSION = YES;
				CLANG_WARN_INFINITE_RECURSION = YES;
				CLANG_WARN_INT_CONVERSION = YES;
				CLANG_WARN_NON_LITERAL_NULL_CONVERSION = YES;
				CLANG_WARN_OBJC_IMPLICIT_RETAIN_SELF = YES;
				CLANG_WARN_OBJC_LITERAL_CONVERSION = YES;
				CLANG_WARN_OBJC_ROOT_CLASS = YES_ERROR;
				CLANG_WARN_RANGE_LOOP_ANALYSIS = YES;
				CLANG_WARN_STRICT_PROTOTYPES = YES;
				CLANG_WARN_SUSPICIOUS_MOVE = YES;
				CLANG_WARN_UNGUARDED_AVAILABILITY = YES_AGGRESSIVE;
				CLANG_WARN_UNREACHABLE_CODE = YES;
				CLANG_WARN__DUPLICATE_METHOD_MATCH = YES;
				CODE_SIGN_IDENTITY = "iPhone Developer";
				COPY_PHASE_STRIP = NO;
				DEBUG_INFORMATION_FORMAT = "dwarf-with-dsym";
				ENABLE_NS_ASSERTIONS = NO;
				ENABLE_STRICT_OBJC_MSGSEND = YES;
				GCC_C_LANGUAGE_STANDARD = gnu11;
				GCC_NO_COMMON_BLOCKS = YES;
				GCC_WARN_64_TO_32_BIT_CONVERSION = YES;
				GCC_WARN_ABOUT_RETURN_TYPE = YES_ERROR;
				GCC_WARN_UNDECLARED_SELECTOR = YES;
				GCC_WARN_UNINITIALIZED_AUTOS = YES_AGGRESSIVE;
				GCC_WARN_UNUSED_FUNCTION = YES;
				GCC_WARN_UNUSED_VARIABLE = YES;
				IPHONEOS_DEPLOYMENT_TARGET = 12.2;
				MTL_ENABLE_DEBUG_INFO = NO;
				MTL_FAST_MATH = YES;
				SDKROOT = iphoneos;
				SWIFT_COMPILATION_MODE = wholemodule;
				SWIFT_OPTIMIZATION_LEVEL = "-O";
				VALIDATE_PRODUCT = YES;
			};
			name = Release;
		};
		278CE81522ABDBAB00BBE6E8 /* Debug */ = {
			isa = XCBuildConfiguration;
			buildSettings = {
				ASSETCATALOG_COMPILER_APPICON_NAME = AppIcon;
				CODE_SIGN_STYLE = Automatic;
				INFOPLIST_FILE = AutoLayout_PriorityConstraints/Info.plist;
				LD_RUNPATH_SEARCH_PATHS = (
					"$(inherited)",
					"@executable_path/Frameworks",
				);
				PRODUCT_BUNDLE_IDENTIFIER = "thechamcham.AutoLayout-PriorityConstraints";
				PRODUCT_NAME = "$(TARGET_NAME)";
				SWIFT_VERSION = 5.0;
				TARGETED_DEVICE_FAMILY = "1,2";
			};
			name = Debug;
		};
		278CE81622ABDBAB00BBE6E8 /* Release */ = {
			isa = XCBuildConfiguration;
			buildSettings = {
				ASSETCATALOG_COMPILER_APPICON_NAME = AppIcon;
				CODE_SIGN_STYLE = Automatic;
				INFOPLIST_FILE = AutoLayout_PriorityConstraints/Info.plist;
				LD_RUNPATH_SEARCH_PATHS = (
					"$(inherited)",
					"@executable_path/Frameworks",
				);
				PRODUCT_BUNDLE_IDENTIFIER = "thechamcham.AutoLayout-PriorityConstraints";
				PRODUCT_NAME = "$(TARGET_NAME)";
				SWIFT_VERSION = 5.0;
				TARGETED_DEVICE_FAMILY = "1,2";
			};
			name = Release;
		};
/* End XCBuildConfiguration section */

/* Begin XCConfigurationList section */
		278CE7FD22ABDBAA00BBE6E8 /* Build configuration list for PBXProject "AutoLayout_PriorityConstraints" */ = {
			isa = XCConfigurationList;
			buildConfigurations = (
				278CE81222ABDBAB00BBE6E8 /* Debug */,
				278CE81322ABDBAB00BBE6E8 /* Release */,
			);
			defaultConfigurationIsVisible = 0;
			defaultConfigurationName = Release;
		};
		278CE81422ABDBAB00BBE6E8 /* Build configuration list for PBXNativeTarget "AutoLayout_PriorityConstraints" */ = {
			isa = XCConfigurationList;
			buildConfigurations = (
				278CE81522ABDBAB00BBE6E8 /* Debug */,
				278CE81622ABDBAB00BBE6E8 /* Release */,
			);
			defaultConfigurationIsVisible = 0;
			defaultConfigurationName = Release;
		};
/* End XCConfigurationList section */
	};
	rootObject = 278CE7FA22ABDBAA00BBE6E8 /* Project object */;
}
