// !$*UTF8*$!
{
	archiveVersion = 1;
	classes = {
	};
	objectVersion = 50;
	objects = {

/* Begin PBXBuildFile section */
		275CBAA1220ED133008010AC /* AppDelegate.swift in Sources */ = {isa = PBXBuildFile; fileRef = 275CBAA0220ED133008010AC /* AppDelegate.swift */; };
		275CBAA6220ED133008010AC /* Main.storyboard in Resources */ = {isa = PBXBuildFile; fileRef = 275CBAA4220ED133008010AC /* Main.storyboard */; };
		275CBAA8220ED134008010AC /* Assets.xcassets in Resources */ = {isa = PBXBuildFile; fileRef = 275CBAA7220ED134008010AC /* Assets.xcassets */; };
		275CBAAB220ED134008010AC /* LaunchScreen.storyboard in Resources */ = {isa = PBXBuildFile; fileRef = 275CBAA9220ED134008010AC /* LaunchScreen.storyboard */; };
		275CBAB3220ED336008010AC /* FirstViewController.swift in Sources */ = {isa = PBXBuildFile; fileRef = 275CBAB2220ED336008010AC /* FirstViewController.swift */; };
		275CBAB5220ED3C0008010AC /* SecondViewController.swift in Sources */ = {isa = PBXBuildFile; fileRef = 275CBAB4220ED3C0008010AC /* SecondViewController.swift */; };
		275CBAB7220ED433008010AC /* ThirdViewController.swift in Sources */ = {isa = PBXBuildFile; fileRef = 275CBAB6220ED433008010AC /* ThirdViewController.swift */; };
/* End PBXBuildFile section */

/* Begin PBXFileReference section */
		275CBA9D220ED133008010AC /* TabbarEX.app */ = {isa = PBXFileReference; explicitFileType = wrapper.application; includeInIndex = 0; path = TabbarEX.app; sourceTree = BUILT_PRODUCTS_DIR; };
		275CBAA0220ED133008010AC /* AppDelegate.swift */ = {isa = PBXFileReference; lastKnownFileType = sourcecode.swift; path = AppDelegate.swift; sourceTree = "<group>"; };
		275CBAA5220ED133008010AC /* Base */ = {isa = PBXFileReference; lastKnownFileType = file.storyboard; name = Base; path = Base.lproj/Main.storyboard; sourceTree = "<group>"; };
		275CBAA7220ED134008010AC /* Assets.xcassets */ = {isa = PBXFileReference; lastKnownFileType = folder.assetcatalog; path = Assets.xcassets; sourceTree = "<group>"; };
		275CBAAA220ED134008010AC /* Base */ = {isa = PBXFileReference; lastKnownFileType = file.storyboard; name = Base; path = Base.lproj/LaunchScreen.storyboard; sourceTree = "<group>"; };
		275CBAAC220ED134008010AC /* Info.plist */ = {isa = PBXFileReference; lastKnownFileType = text.plist.xml; path = Info.plist; sourceTree = "<group>"; };
		275CBAB2220ED336008010AC /* FirstViewController.swift */ = {isa = PBXFileReference; lastKnownFileType = sourcecode.swift; path = FirstViewController.swift; sourceTree = "<group>"; };
		275CBAB4220ED3C0008010AC /* SecondViewController.swift */ = {isa = PBXFileReference; lastKnownFileType = sourcecode.swift; path = SecondViewController.swift; sourceTree = "<group>"; };
		275CBAB6220ED433008010AC /* ThirdViewController.swift */ = {isa = PBXFileReference; lastKnownFileType = sourcecode.swift; path = ThirdViewController.swift; sourceTree = "<group>"; };
/* End PBXFileReference section */

/* Begin PBXFrameworksBuildPhase section */
		275CBA9A220ED133008010AC /* Frameworks */ = {
			isa = PBXFrameworksBuildPhase;
			buildActionMask = 2147483647;
			files = (
			);
			runOnlyForDeploymentPostprocessing = 0;
		};
/* End PBXFrameworksBuildPhase section */

/* Begin PBXGroup section */
		275CBA94220ED133008010AC = {
			isa = PBXGroup;
			children = (
				275CBA9F220ED133008010AC /* TabbarEX */,
				275CBA9E220ED133008010AC /* Products */,
			);
			sourceTree = "<group>";
		};
		275CBA9E220ED133008010AC /* Products */ = {
			isa = PBXGroup;
			children = (
				275CBA9D220ED133008010AC /* TabbarEX.app */,
			);
			name = Products;
			sourceTree = "<group>";
		};
		275CBA9F220ED133008010AC /* TabbarEX */ = {
			isa = PBXGroup;
			children = (
				275CBAA0220ED133008010AC /* AppDelegate.swift */,
				275CBAB2220ED336008010AC /* FirstViewController.swift */,
				275CBAA4220ED133008010AC /* Main.storyboard */,
				275CBAB6220ED433008010AC /* ThirdViewController.swift */,
				275CBAB4220ED3C0008010AC /* SecondViewController.swift */,
				275CBAA7220ED134008010AC /* Assets.xcassets */,
				275CBAA9220ED134008010AC /* LaunchScreen.storyboard */,
				275CBAAC220ED134008010AC /* Info.plist */,
			);
			path = TabbarEX;
			sourceTree = "<group>";
		};
/* End PBXGroup section */

/* Begin PBXNativeTarget section */
		275CBA9C220ED133008010AC /* TabbarEX */ = {
			isa = PBXNativeTarget;
			buildConfigurationList = 275CBAAF220ED134008010AC /* Build configuration list for PBXNativeTarget "TabbarEX" */;
			buildPhases = (
				275CBA99220ED133008010AC /* Sources */,
				275CBA9A220ED133008010AC /* Frameworks */,
				275CBA9B220ED133008010AC /* Resources */,
			);
			buildRules = (
			);
			dependencies = (
			);
			name = TabbarEX;
			productName = TabbarEX;
			productReference = 275CBA9D220ED133008010AC /* TabbarEX.app */;
			productType = "com.apple.product-type.application";
		};
/* End PBXNativeTarget section */

/* Begin PBXProject section */
		275CBA95220ED133008010AC /* Project object */ = {
			isa = PBXProject;
			attributes = {
				LastSwiftUpdateCheck = 1010;
				LastUpgradeCheck = 1010;
				ORGANIZATIONNAME = minjun.ha;
				TargetAttributes = {
					275CBA9C220ED133008010AC = {
						CreatedOnToolsVersion = 10.1;
					};
				};
			};
			buildConfigurationList = 275CBA98220ED133008010AC /* Build configuration list for PBXProject "TabbarEX" */;
			compatibilityVersion = "Xcode 9.3";
			developmentRegion = en;
			hasScannedForEncodings = 0;
			knownRegions = (
				en,
				Base,
			);
			mainGroup = 275CBA94220ED133008010AC;
			productRefGroup = 275CBA9E220ED133008010AC /* Products */;
			projectDirPath = "";
			projectRoot = "";
			targets = (
				275CBA9C220ED133008010AC /* TabbarEX */,
			);
		};
/* End PBXProject section */

/* Begin PBXResourcesBuildPhase section */
		275CBA9B220ED133008010AC /* Resources */ = {
			isa = PBXResourcesBuildPhase;
			buildActionMask = 2147483647;
			files = (
				275CBAAB220ED134008010AC /* LaunchScreen.storyboard in Resources */,
				275CBAA8220ED134008010AC /* Assets.xcassets in Resources */,
				275CBAA6220ED133008010AC /* Main.storyboard in Resources */,
			);
			runOnlyForDeploymentPostprocessing = 0;
		};
/* End PBXResourcesBuildPhase section */

/* Begin PBXSourcesBuildPhase section */
		275CBA99220ED133008010AC /* Sources */ = {
			isa = PBXSourcesBuildPhase;
			buildActionMask = 2147483647;
			files = (
				275CBAB5220ED3C0008010AC /* SecondViewController.swift in Sources */,
				275CBAA1220ED133008010AC /* AppDelegate.swift in Sources */,
				275CBAB7220ED433008010AC /* ThirdViewController.swift in Sources */,
				275CBAB3220ED336008010AC /* FirstViewController.swift in Sources */,
			);
			runOnlyForDeploymentPostprocessing = 0;
		};
/* End PBXSourcesBuildPhase section */

/* Begin PBXVariantGroup section */
		275CBAA4220ED133008010AC /* Main.storyboard */ = {
			isa = PBXVariantGroup;
			children = (
				275CBAA5220ED133008010AC /* Base */,
			);
			name = Main.storyboard;
			sourceTree = "<group>";
		};
		275CBAA9220ED134008010AC /* LaunchScreen.storyboard */ = {
			isa = PBXVariantGroup;
			children = (
				275CBAAA220ED134008010AC /* Base */,
			);
			name = LaunchScreen.storyboard;
			sourceTree = "<group>";
		};
/* End PBXVariantGroup section */

/* Begin XCBuildConfiguration section */
		275CBAAD220ED134008010AC /* Debug */ = {
			isa = XCBuildConfiguration;
			buildSettings = {
				ALWAYS_SEARCH_USER_PATHS = NO;
				CLANG_ANALYZER_NONNULL = YES;
				CLANG_ANALYZER_NUMBER_OBJECT_CONVERSION = YES_AGGRESSIVE;
				CLANG_CXX_LANGUAGE_STANDARD = "gnu++14";
				CLANG_CXX_LIBRARY = "libc++";
				CLANG_ENABLE_MODULES = YES;
				CLANG_ENABLE_OBJC_ARC = YES;
				CLANG_ENABLE_OBJC_WEAK = YES;
				CLANG_WARN_BLOCK_CAPTURE_AUTORELEASING = YES;
				CLANG_WARN_BOOL_CONVERSION = YES;
				CLANG_WARN_COMMA = YES;
				CLANG_WARN_CONSTANT_CONVERSION = YES;
				CLANG_WARN_DEPRECATED_OBJC_IMPLEMENTATIONS = YES;
				CLANG_WARN_DIRECT_OBJC_ISA_USAGE = YES_ERROR;
				CLANG_WARN_DOCUMENTATION_COMMENTS = YES;
				CLANG_WARN_EMPTY_BODY = YES;
				CLANG_WARN_ENUM_CONVERSION = YES;
				CLANG_WARN_INFINITE_RECURSION = YES;
				CLANG_WARN_INT_CONVERSION = YES;
				CLANG_WARN_NON_LITERAL_NULL_CONVERSION = YES;
				CLANG_WARN_OBJC_IMPLICIT_RETAIN_SELF = YES;
				CLANG_WARN_OBJC_LITERAL_CONVERSION = YES;
				CLANG_WARN_OBJC_ROOT_CLASS = YES_ERROR;
				CLANG_WARN_RANGE_LOOP_ANALYSIS = YES;
				CLANG_WARN_STRICT_PROTOTYPES = YES;
				CLANG_WARN_SUSPICIOUS_MOVE = YES;
				CLANG_WARN_UNGUARDED_AVAILABILITY = YES_AGGRESSIVE;
				CLANG_WARN_UNREACHABLE_CODE = YES;
				CLANG_WARN__DUPLICATE_METHOD_MATCH = YES;
				CODE_SIGN_IDENTITY = "iPhone Developer";
				COPY_PHASE_STRIP = NO;
				DEBUG_INFORMATION_FORMAT = dwarf;
				ENABLE_STRICT_OBJC_MSGSEND = YES;
				ENABLE_TESTABILITY = YES;
				GCC_C_LANGUAGE_STANDARD = gnu11;
				GCC_DYNAMIC_NO_PIC = NO;
				GCC_NO_COMMON_BLOCKS = YES;
				GCC_OPTIMIZATION_LEVEL = 0;
				GCC_PREPROCESSOR_DEFINITIONS = (
					"DEBUG=1",
					"$(inherited)",
				);
				GCC_WARN_64_TO_32_BIT_CONVERSION = YES;
				GCC_WARN_ABOUT_RETURN_TYPE = YES_ERROR;
				GCC_WARN_UNDECLARED_SELECTOR = YES;
				GCC_WARN_UNINITIALIZED_AUTOS = YES_AGGRESSIVE;
				GCC_WARN_UNUSED_FUNCTION = YES;
				GCC_WARN_UNUSED_VARIABLE = YES;
				IPHONEOS_DEPLOYMENT_TARGET = 12.1;
				MTL_ENABLE_DEBUG_INFO = INCLUDE_SOURCE;
				MTL_FAST_MATH = YES;
				ONLY_ACTIVE_ARCH = YES;
				SDKROOT = iphoneos;
				SWIFT_ACTIVE_COMPILATION_CONDITIONS = DEBUG;
				SWIFT_OPTIMIZATION_LEVEL = "-Onone";
			};
			name = Debug;
		};
		275CBAAE220ED134008010AC /* Release */ = {
			isa = XCBuildConfiguration;
			buildSettings = {
				ALWAYS_SEARCH_USER_PATHS = NO;
				CLANG_ANALYZER_NONNULL = YES;
				CLANG_ANALYZER_NUMBER_OBJECT_CONVERSION = YES_AGGRESSIVE;
				CLANG_CXX_LANGUAGE_STANDARD = "gnu++14";
				CLANG_CXX_LIBRARY = "libc++";
				CLANG_ENABLE_MODULES = YES;
				CLANG_ENABLE_OBJC_ARC = YES;
				CLANG_ENABLE_OBJC_WEAK = YES;
				CLANG_WARN_BLOCK_CAPTURE_AUTORELEASING = YES;
				CLANG_WARN_BOOL_CONVERSION = YES;
				CLANG_WARN_COMMA = YES;
				CLANG_WARN_CONSTANT_CONVERSION = YES;
				CLANG_WARN_DEPRECATED_OBJC_IMPLEMENTATIONS = YES;
				CLANG_WARN_DIRECT_OBJC_ISA_USAGE = YES_ERROR;
				CLANG_WARN_DOCUMENTATION_COMMENTS = YES;
				CLANG_WARN_EMPTY_BODY = YES;
				CLANG_WARN_ENUM_CONVERSION = YES;
				CLANG_WARN_INFINITE_RECURSION = YES;
				CLANG_WARN_INT_CONVERSION = YES;
				CLANG_WARN_NON_LITERAL_NULL_CONVERSION = YES;
				CLANG_WARN_OBJC_IMPLICIT_RETAIN_SELF = YES;
				CLANG_WARN_OBJC_LITERAL_CONVERSION = YES;
				CLANG_WARN_OBJC_ROOT_CLASS = YES_ERROR;
				CLANG_WARN_RANGE_LOOP_ANALYSIS = YES;
				CLANG_WARN_STRICT_PROTOTYPES = YES;
				CLANG_WARN_SUSPICIOUS_MOVE = YES;
				CLANG_WARN_UNGUARDED_AVAILABILITY = YES_AGGRESSIVE;
				CLANG_WARN_UNREACHABLE_CODE = YES;
				CLANG_WARN__DUPLICATE_METHOD_MATCH = YES;
				CODE_SIGN_IDENTITY = "iPhone Developer";
				COPY_PHASE_STRIP = NO;
				DEBUG_INFORMATION_FORMAT = "dwarf-with-dsym";
				ENABLE_NS_ASSERTIONS = NO;
				ENABLE_STRICT_OBJC_MSGSEND = YES;
				GCC_C_LANGUAGE_STANDARD = gnu11;
				GCC_NO_COMMON_BLOCKS = YES;
				GCC_WARN_64_TO_32_BIT_CONVERSION = YES;
				GCC_WARN_ABOUT_RETURN_TYPE = YES_ERROR;
				GCC_WARN_UNDECLARED_SELECTOR = YES;
				GCC_WARN_UNINITIALIZED_AUTOS = YES_AGGRESSIVE;
				GCC_WARN_UNUSED_FUNCTION = YES;
				GCC_WARN_UNUSED_VARIABLE = YES;
				IPHONEOS_DEPLOYMENT_TARGET = 12.1;
				MTL_ENABLE_DEBUG_INFO = NO;
				MTL_FAST_MATH = YES;
				SDKROOT = iphoneos;
				SWIFT_COMPILATION_MODE = wholemodule;
				SWIFT_OPTIMIZATION_LEVEL = "-O";
				VALIDATE_PRODUCT = YES;
			};
			name = Release;
		};
		275CBAB0220ED134008010AC /* Debug */ = {
			isa = XCBuildConfiguration;
			buildSettings = {
				ASSETCATALOG_COMPILER_APPICON_NAME = AppIcon;
				CODE_SIGN_STYLE = Automatic;
				DEVELOPMENT_TEAM = U4C9BJB9VG;
				INFOPLIST_FILE = TabbarEX/Info.plist;
				LD_RUNPATH_SEARCH_PATHS = (
					"$(inherited)",
					"@executable_path/Frameworks",
				);
				PRODUCT_BUNDLE_IDENTIFIER = study.TabbarEX;
				PRODUCT_NAME = "$(TARGET_NAME)";
				SWIFT_VERSION = 4.2;
				TARGETED_DEVICE_FAMILY = "1,2";
			};
			name = Debug;
		};
		275CBAB1220ED134008010AC /* Release */ = {
			isa = XCBuildConfiguration;
			buildSettings = {
				ASSETCATALOG_COMPILER_APPICON_NAME = AppIcon;
				CODE_SIGN_STYLE = Automatic;
				DEVELOPMENT_TEAM = U4C9BJB9VG;
				INFOPLIST_FILE = TabbarEX/Info.plist;
				LD_RUNPATH_SEARCH_PATHS = (
					"$(inherited)",
					"@executable_path/Frameworks",
				);
				PRODUCT_BUNDLE_IDENTIFIER = study.TabbarEX;
				PRODUCT_NAME = "$(TARGET_NAME)";
				SWIFT_VERSION = 4.2;
				TARGETED_DEVICE_FAMILY = "1,2";
			};
			name = Release;
		};
/* End XCBuildConfiguration section */

/* Begin XCConfigurationList section */
		275CBA98220ED133008010AC /* Build configuration list for PBXProject "TabbarEX" */ = {
			isa = XCConfigurationList;
			buildConfigurations = (
				275CBAAD220ED134008010AC /* Debug */,
				275CBAAE220ED134008010AC /* Release */,
			);
			defaultConfigurationIsVisible = 0;
			defaultConfigurationName = Release;
		};
		275CBAAF220ED134008010AC /* Build configuration list for PBXNativeTarget "TabbarEX" */ = {
			isa = XCConfigurationList;
			buildConfigurations = (
				275CBAB0220ED134008010AC /* Debug */,
				275CBAB1220ED134008010AC /* Release */,
			);
			defaultConfigurationIsVisible = 0;
			defaultConfigurationName = Release;
		};
/* End XCConfigurationList section */
	};
	rootObject = 275CBA95220ED133008010AC /* Project object */;
}
