// !$*UTF8*$!
{
	archiveVersion = 1;
	classes = {
	};
	objectVersion = 50;
	objects = {

/* Begin PBXBuildFile section */
		27171458220EC19900076FED /* AppDelegate.swift in Sources */ = {isa = PBXBuildFile; fileRef = 27171457220EC19900076FED /* AppDelegate.swift */; };
		2717145A220EC19900076FED /* ViewController.swift in Sources */ = {isa = PBXBuildFile; fileRef = 27171459220EC19900076FED /* ViewController.swift */; };
		2717145D220EC19900076FED /* Main.storyboard in Resources */ = {isa = PBXBuildFile; fileRef = 2717145B220EC19900076FED /* Main.storyboard */; };
		2717145F220EC19B00076FED /* Assets.xcassets in Resources */ = {isa = PBXBuildFile; fileRef = 2717145E220EC19B00076FED /* Assets.xcassets */; };
		27171462220EC19B00076FED /* LaunchScreen.storyboard in Resources */ = {isa = PBXBuildFile; fileRef = 27171460220EC19B00076FED /* LaunchScreen.storyboard */; };
		27171470220EC2E500076FED /* 3.jpg in Resources */ = {isa = PBXBuildFile; fileRef = 2717146A220EC2E500076FED /* 3.jpg */; };
		27171471220EC2E500076FED /* 1.jpg in Resources */ = {isa = PBXBuildFile; fileRef = 2717146B220EC2E500076FED /* 1.jpg */; };
		27171472220EC2E500076FED /* 5.jpg in Resources */ = {isa = PBXBuildFile; fileRef = 2717146C220EC2E500076FED /* 5.jpg */; };
		27171473220EC2E500076FED /* 2.jpg in Resources */ = {isa = PBXBuildFile; fileRef = 2717146D220EC2E500076FED /* 2.jpg */; };
		27171474220EC2E500076FED /* 4.jpg in Resources */ = {isa = PBXBuildFile; fileRef = 2717146E220EC2E500076FED /* 4.jpg */; };
		27171475220EC2E500076FED /* 6.jpg in Resources */ = {isa = PBXBuildFile; fileRef = 2717146F220EC2E500076FED /* 6.jpg */; };
/* End PBXBuildFile section */

/* Begin PBXFileReference section */
		27171454220EC19900076FED /* SelectCar.app */ = {isa = PBXFileReference; explicitFileType = wrapper.application; includeInIndex = 0; path = SelectCar.app; sourceTree = BUILT_PRODUCTS_DIR; };
		27171457220EC19900076FED /* AppDelegate.swift */ = {isa = PBXFileReference; lastKnownFileType = sourcecode.swift; path = AppDelegate.swift; sourceTree = "<group>"; };
		27171459220EC19900076FED /* ViewController.swift */ = {isa = PBXFileReference; lastKnownFileType = sourcecode.swift; path = ViewController.swift; sourceTree = "<group>"; };
		2717145C220EC19900076FED /* Base */ = {isa = PBXFileReference; lastKnownFileType = file.storyboard; name = Base; path = Base.lproj/Main.storyboard; sourceTree = "<group>"; };
		2717145E220EC19B00076FED /* Assets.xcassets */ = {isa = PBXFileReference; lastKnownFileType = folder.assetcatalog; path = Assets.xcassets; sourceTree = "<group>"; };
		27171461220EC19B00076FED /* Base */ = {isa = PBXFileReference; lastKnownFileType = file.storyboard; name = Base; path = Base.lproj/LaunchScreen.storyboard; sourceTree = "<group>"; };
		27171463220EC19B00076FED /* Info.plist */ = {isa = PBXFileReference; lastKnownFileType = text.plist.xml; path = Info.plist; sourceTree = "<group>"; };
		2717146A220EC2E500076FED /* 3.jpg */ = {isa = PBXFileReference; lastKnownFileType = image.jpeg; path = 3.jpg; sourceTree = "<group>"; };
		2717146B220EC2E500076FED /* 1.jpg */ = {isa = PBXFileReference; lastKnownFileType = image.jpeg; path = 1.jpg; sourceTree = "<group>"; };
		2717146C220EC2E500076FED /* 5.jpg */ = {isa = PBXFileReference; lastKnownFileType = image.jpeg; path = 5.jpg; sourceTree = "<group>"; };
		2717146D220EC2E500076FED /* 2.jpg */ = {isa = PBXFileReference; lastKnownFileType = image.jpeg; path = 2.jpg; sourceTree = "<group>"; };
		2717146E220EC2E500076FED /* 4.jpg */ = {isa = PBXFileReference; lastKnownFileType = image.jpeg; path = 4.jpg; sourceTree = "<group>"; };
		2717146F220EC2E500076FED /* 6.jpg */ = {isa = PBXFileReference; lastKnownFileType = image.jpeg; path = 6.jpg; sourceTree = "<group>"; };
/* End PBXFileReference section */

/* Begin PBXFrameworksBuildPhase section */
		27171451220EC19900076FED /* Frameworks */ = {
			isa = PBXFrameworksBuildPhase;
			buildActionMask = 2147483647;
			files = (
			);
			runOnlyForDeploymentPostprocessing = 0;
		};
/* End PBXFrameworksBuildPhase section */

/* Begin PBXGroup section */
		2717144B220EC19900076FED = {
			isa = PBXGroup;
			children = (
				27171456220EC19900076FED /* SelectCar */,
				27171455220EC19900076FED /* Products */,
			);
			sourceTree = "<group>";
		};
		27171455220EC19900076FED /* Products */ = {
			isa = PBXGroup;
			children = (
				27171454220EC19900076FED /* SelectCar.app */,
			);
			name = Products;
			sourceTree = "<group>";
		};
		27171456220EC19900076FED /* SelectCar */ = {
			isa = PBXGroup;
			children = (
				27171457220EC19900076FED /* AppDelegate.swift */,
				27171469220EC1D900076FED /* Resource */,
				27171459220EC19900076FED /* ViewController.swift */,
				2717145B220EC19900076FED /* Main.storyboard */,
				2717145E220EC19B00076FED /* Assets.xcassets */,
				27171460220EC19B00076FED /* LaunchScreen.storyboard */,
				27171463220EC19B00076FED /* Info.plist */,
			);
			path = SelectCar;
			sourceTree = "<group>";
		};
		27171469220EC1D900076FED /* Resource */ = {
			isa = PBXGroup;
			children = (
				2717146B220EC2E500076FED /* 1.jpg */,
				2717146D220EC2E500076FED /* 2.jpg */,
				2717146A220EC2E500076FED /* 3.jpg */,
				2717146E220EC2E500076FED /* 4.jpg */,
				2717146C220EC2E500076FED /* 5.jpg */,
				2717146F220EC2E500076FED /* 6.jpg */,
			);
			path = Resource;
			sourceTree = "<group>";
		};
/* End PBXGroup section */

/* Begin PBXNativeTarget section */
		27171453220EC19900076FED /* SelectCar */ = {
			isa = PBXNativeTarget;
			buildConfigurationList = 27171466220EC19B00076FED /* Build configuration list for PBXNativeTarget "SelectCar" */;
			buildPhases = (
				27171450220EC19900076FED /* Sources */,
				27171451220EC19900076FED /* Frameworks */,
				27171452220EC19900076FED /* Resources */,
			);
			buildRules = (
			);
			dependencies = (
			);
			name = SelectCar;
			productName = SelectCar;
			productReference = 27171454220EC19900076FED /* SelectCar.app */;
			productType = "com.apple.product-type.application";
		};
/* End PBXNativeTarget section */

/* Begin PBXProject section */
		2717144C220EC19900076FED /* Project object */ = {
			isa = PBXProject;
			attributes = {
				LastSwiftUpdateCheck = 1010;
				LastUpgradeCheck = 1010;
				ORGANIZATIONNAME = minjun.ha;
				TargetAttributes = {
					27171453220EC19900076FED = {
						CreatedOnToolsVersion = 10.1;
					};
				};
			};
			buildConfigurationList = 2717144F220EC19900076FED /* Build configuration list for PBXProject "SelectCar" */;
			compatibilityVersion = "Xcode 9.3";
			developmentRegion = en;
			hasScannedForEncodings = 0;
			knownRegions = (
				en,
				Base,
			);
			mainGroup = 2717144B220EC19900076FED;
			productRefGroup = 27171455220EC19900076FED /* Products */;
			projectDirPath = "";
			projectRoot = "";
			targets = (
				27171453220EC19900076FED /* SelectCar */,
			);
		};
/* End PBXProject section */

/* Begin PBXResourcesBuildPhase section */
		27171452220EC19900076FED /* Resources */ = {
			isa = PBXResourcesBuildPhase;
			buildActionMask = 2147483647;
			files = (
				27171475220EC2E500076FED /* 6.jpg in Resources */,
				27171474220EC2E500076FED /* 4.jpg in Resources */,
				27171462220EC19B00076FED /* LaunchScreen.storyboard in Resources */,
				2717145F220EC19B00076FED /* Assets.xcassets in Resources */,
				27171473220EC2E500076FED /* 2.jpg in Resources */,
				2717145D220EC19900076FED /* Main.storyboard in Resources */,
				27171472220EC2E500076FED /* 5.jpg in Resources */,
				27171470220EC2E500076FED /* 3.jpg in Resources */,
				27171471220EC2E500076FED /* 1.jpg in Resources */,
			);
			runOnlyForDeploymentPostprocessing = 0;
		};
/* End PBXResourcesBuildPhase section */

/* Begin PBXSourcesBuildPhase section */
		27171450220EC19900076FED /* Sources */ = {
			isa = PBXSourcesBuildPhase;
			buildActionMask = 2147483647;
			files = (
				2717145A220EC19900076FED /* ViewController.swift in Sources */,
				27171458220EC19900076FED /* AppDelegate.swift in Sources */,
			);
			runOnlyForDeploymentPostprocessing = 0;
		};
/* End PBXSourcesBuildPhase section */

/* Begin PBXVariantGroup section */
		2717145B220EC19900076FED /* Main.storyboard */ = {
			isa = PBXVariantGroup;
			children = (
				2717145C220EC19900076FED /* Base */,
			);
			name = Main.storyboard;
			sourceTree = "<group>";
		};
		27171460220EC19B00076FED /* LaunchScreen.storyboard */ = {
			isa = PBXVariantGroup;
			children = (
				27171461220EC19B00076FED /* Base */,
			);
			name = LaunchScreen.storyboard;
			sourceTree = "<group>";
		};
/* End PBXVariantGroup section */

/* Begin XCBuildConfiguration section */
		27171464220EC19B00076FED /* Debug */ = {
			isa = XCBuildConfiguration;
			buildSettings = {
				ALWAYS_SEARCH_USER_PATHS = NO;
				CLANG_ANALYZER_NONNULL = YES;
				CLANG_ANALYZER_NUMBER_OBJECT_CONVERSION = YES_AGGRESSIVE;
				CLANG_CXX_LANGUAGE_STANDARD = "gnu++14";
				CLANG_CXX_LIBRARY = "libc++";
				CLANG_ENABLE_MODULES = YES;
				CLANG_ENABLE_OBJC_ARC = YES;
				CLANG_ENABLE_OBJC_WEAK = YES;
				CLANG_WARN_BLOCK_CAPTURE_AUTORELEASING = YES;
				CLANG_WARN_BOOL_CONVERSION = YES;
				CLANG_WARN_COMMA = YES;
				CLANG_WARN_CONSTANT_CONVERSION = YES;
				CLANG_WARN_DEPRECATED_OBJC_IMPLEMENTATIONS = YES;
				CLANG_WARN_DIRECT_OBJC_ISA_USAGE = YES_ERROR;
				CLANG_WARN_DOCUMENTATION_COMMENTS = YES;
				CLANG_WARN_EMPTY_BODY = YES;
				CLANG_WARN_ENUM_CONVERSION = YES;
				CLANG_WARN_INFINITE_RECURSION = YES;
				CLANG_WARN_INT_CONVERSION = YES;
				CLANG_WARN_NON_LITERAL_NULL_CONVERSION = YES;
				CLANG_WARN_OBJC_IMPLICIT_RETAIN_SELF = YES;
				CLANG_WARN_OBJC_LITERAL_CONVERSION = YES;
				CLANG_WARN_OBJC_ROOT_CLASS = YES_ERROR;
				CLANG_WARN_RANGE_LOOP_ANALYSIS = YES;
				CLANG_WARN_STRICT_PROTOTYPES = YES;
				CLANG_WARN_SUSPICIOUS_MOVE = YES;
				CLANG_WARN_UNGUARDED_AVAILABILITY = YES_AGGRESSIVE;
				CLANG_WARN_UNREACHABLE_CODE = YES;
				CLANG_WARN__DUPLICATE_METHOD_MATCH = YES;
				CODE_SIGN_IDENTITY = "iPhone Developer";
				COPY_PHASE_STRIP = NO;
				DEBUG_INFORMATION_FORMAT = dwarf;
				ENABLE_STRICT_OBJC_MSGSEND = YES;
				ENABLE_TESTABILITY = YES;
				GCC_C_LANGUAGE_STANDARD = gnu11;
				GCC_DYNAMIC_NO_PIC = NO;
				GCC_NO_COMMON_BLOCKS = YES;
				GCC_OPTIMIZATION_LEVEL = 0;
				GCC_PREPROCESSOR_DEFINITIONS = (
					"DEBUG=1",
					"$(inherited)",
				);
				GCC_WARN_64_TO_32_BIT_CONVERSION = YES;
				GCC_WARN_ABOUT_RETURN_TYPE = YES_ERROR;
				GCC_WARN_UNDECLARED_SELECTOR = YES;
				GCC_WARN_UNINITIALIZED_AUTOS = YES_AGGRESSIVE;
				GCC_WARN_UNUSED_FUNCTION = YES;
				GCC_WARN_UNUSED_VARIABLE = YES;
				IPHONEOS_DEPLOYMENT_TARGET = 12.1;
				MTL_ENABLE_DEBUG_INFO = INCLUDE_SOURCE;
				MTL_FAST_MATH = YES;
				ONLY_ACTIVE_ARCH = YES;
				SDKROOT = iphoneos;
				SWIFT_ACTIVE_COMPILATION_CONDITIONS = DEBUG;
				SWIFT_OPTIMIZATION_LEVEL = "-Onone";
			};
			name = Debug;
		};
		27171465220EC19B00076FED /* Release */ = {
			isa = XCBuildConfiguration;
			buildSettings = {
				ALWAYS_SEARCH_USER_PATHS = NO;
				CLANG_ANALYZER_NONNULL = YES;
				CLANG_ANALYZER_NUMBER_OBJECT_CONVERSION = YES_AGGRESSIVE;
				CLANG_CXX_LANGUAGE_STANDARD = "gnu++14";
				CLANG_CXX_LIBRARY = "libc++";
				CLANG_ENABLE_MODULES = YES;
				CLANG_ENABLE_OBJC_ARC = YES;
				CLANG_ENABLE_OBJC_WEAK = YES;
				CLANG_WARN_BLOCK_CAPTURE_AUTORELEASING = YES;
				CLANG_WARN_BOOL_CONVERSION = YES;
				CLANG_WARN_COMMA = YES;
				CLANG_WARN_CONSTANT_CONVERSION = YES;
				CLANG_WARN_DEPRECATED_OBJC_IMPLEMENTATIONS = YES;
				CLANG_WARN_DIRECT_OBJC_ISA_USAGE = YES_ERROR;
				CLANG_WARN_DOCUMENTATION_COMMENTS = YES;
				CLANG_WARN_EMPTY_BODY = YES;
				CLANG_WARN_ENUM_CONVERSION = YES;
				CLANG_WARN_INFINITE_RECURSION = YES;
				CLANG_WARN_INT_CONVERSION = YES;
				CLANG_WARN_NON_LITERAL_NULL_CONVERSION = YES;
				CLANG_WARN_OBJC_IMPLICIT_RETAIN_SELF = YES;
				CLANG_WARN_OBJC_LITERAL_CONVERSION = YES;
				CLANG_WARN_OBJC_ROOT_CLASS = YES_ERROR;
				CLANG_WARN_RANGE_LOOP_ANALYSIS = YES;
				CLANG_WARN_STRICT_PROTOTYPES = YES;
				CLANG_WARN_SUSPICIOUS_MOVE = YES;
				CLANG_WARN_UNGUARDED_AVAILABILITY = YES_AGGRESSIVE;
				CLANG_WARN_UNREACHABLE_CODE = YES;
				CLANG_WARN__DUPLICATE_METHOD_MATCH = YES;
				CODE_SIGN_IDENTITY = "iPhone Developer";
				COPY_PHASE_STRIP = NO;
				DEBUG_INFORMATION_FORMAT = "dwarf-with-dsym";
				ENABLE_NS_ASSERTIONS = NO;
				ENABLE_STRICT_OBJC_MSGSEND = YES;
				GCC_C_LANGUAGE_STANDARD = gnu11;
				GCC_NO_COMMON_BLOCKS = YES;
				GCC_WARN_64_TO_32_BIT_CONVERSION = YES;
				GCC_WARN_ABOUT_RETURN_TYPE = YES_ERROR;
				GCC_WARN_UNDECLARED_SELECTOR = YES;
				GCC_WARN_UNINITIALIZED_AUTOS = YES_AGGRESSIVE;
				GCC_WARN_UNUSED_FUNCTION = YES;
				GCC_WARN_UNUSED_VARIABLE = YES;
				IPHONEOS_DEPLOYMENT_TARGET = 12.1;
				MTL_ENABLE_DEBUG_INFO = NO;
				MTL_FAST_MATH = YES;
				SDKROOT = iphoneos;
				SWIFT_COMPILATION_MODE = wholemodule;
				SWIFT_OPTIMIZATION_LEVEL = "-O";
				VALIDATE_PRODUCT = YES;
			};
			name = Release;
		};
		27171467220EC19B00076FED /* Debug */ = {
			isa = XCBuildConfiguration;
			buildSettings = {
				ASSETCATALOG_COMPILER_APPICON_NAME = AppIcon;
				CODE_SIGN_STYLE = Automatic;
				DEVELOPMENT_TEAM = U4C9BJB9VG;
				INFOPLIST_FILE = SelectCar/Info.plist;
				LD_RUNPATH_SEARCH_PATHS = (
					"$(inherited)",
					"@executable_path/Frameworks",
				);
				PRODUCT_BUNDLE_IDENTIFIER = study.SelectCar;
				PRODUCT_NAME = "$(TARGET_NAME)";
				SWIFT_VERSION = 4.2;
				TARGETED_DEVICE_FAMILY = "1,2";
			};
			name = Debug;
		};
		27171468220EC19B00076FED /* Release */ = {
			isa = XCBuildConfiguration;
			buildSettings = {
				ASSETCATALOG_COMPILER_APPICON_NAME = AppIcon;
				CODE_SIGN_STYLE = Automatic;
				DEVELOPMENT_TEAM = U4C9BJB9VG;
				INFOPLIST_FILE = SelectCar/Info.plist;
				LD_RUNPATH_SEARCH_PATHS = (
					"$(inherited)",
					"@executable_path/Frameworks",
				);
				PRODUCT_BUNDLE_IDENTIFIER = study.SelectCar;
				PRODUCT_NAME = "$(TARGET_NAME)";
				SWIFT_VERSION = 4.2;
				TARGETED_DEVICE_FAMILY = "1,2";
			};
			name = Release;
		};
/* End XCBuildConfiguration section */

/* Begin XCConfigurationList section */
		2717144F220EC19900076FED /* Build configuration list for PBXProject "SelectCar" */ = {
			isa = XCConfigurationList;
			buildConfigurations = (
				27171464220EC19B00076FED /* Debug */,
				27171465220EC19B00076FED /* Release */,
			);
			defaultConfigurationIsVisible = 0;
			defaultConfigurationName = Release;
		};
		27171466220EC19B00076FED /* Build configuration list for PBXNativeTarget "SelectCar" */ = {
			isa = XCConfigurationList;
			buildConfigurations = (
				27171467220EC19B00076FED /* Debug */,
				27171468220EC19B00076FED /* Release */,
			);
			defaultConfigurationIsVisible = 0;
			defaultConfigurationName = Release;
		};
/* End XCConfigurationList section */
	};
	rootObject = 2717144C220EC19900076FED /* Project object */;
}
